
Microsoft Visual Studio Solution File, Format Version 12.00
# Visual Studio Version 17
VisualStudioVersion = 17.3.32901.215
MinimumVisualStudioVersion = 10.0.40219.1
Project("{9A19103F-16F7-4668-BE54-9A1E7A4F7556}") = "PolyDo", "PolyDo\PolyDo.csproj", "{7D9D12DA-D583-4C47-9BF4-9F8C41D9AFA4}"
EndProject
Project("{FAE04EC0-301F-11D3-BF4B-00C04F79EFBC}") = "Infrastructure", "Infrastructure\Infrastructure.csproj", "{423C459F-956A-40B8-8423-162F221C999E}"
EndProject
Project("{FAE04EC0-301F-11D3-BF4B-00C04F79EFBC}") = "Domain", "Domain\Domain.csproj", "{123D6B19-18F2-48E6-81A8-3CD33BE09D05}"
EndProject
Project("{FAE04EC0-301F-11D3-BF4B-00C04F79EFBC}") = "Application", "Application\Application\Application.csproj", "{D417CE7A-661C-4BCB-A89E-739DA51CD12D}"
EndProject
Project("{FAE04EC0-301F-11D3-BF4B-00C04F79EFBC}") = "Contracts", "Contracts\Contracts.csproj", "{21EB48E5-C2E6-460D-9979-9BFE678FE27A}"
EndProject
Global
	GlobalSection(SolutionConfigurationPlatforms) = preSolution
		Debug|Any CPU = Debug|Any CPU
		Release|Any CPU = Release|Any CPU
	EndGlobalSection
	GlobalSection(ProjectConfigurationPlatforms) = postSolution
		{7D9D12DA-D583-4C47-9BF4-9F8C41D9AFA4}.Debug|Any CPU.ActiveCfg = Debug|Any CPU
		{7D9D12DA-D583-4C47-9BF4-9F8C41D9AFA4}.Debug|Any CPU.Build.0 = Debug|Any CPU
		{7D9D12DA-D583-4C47-9BF4-9F8C41D9AFA4}.Release|Any CPU.ActiveCfg = Release|Any CPU
		{7D9D12DA-D583-4C47-9BF4-9F8C41D9AFA4}.Release|Any CPU.Build.0 = Release|Any CPU
		{423C459F-956A-40B8-8423-162F221C999E}.Debug|Any CPU.ActiveCfg = Debug|Any CPU
		{423C459F-956A-40B8-8423-162F221C999E}.Debug|Any CPU.Build.0 = Debug|Any CPU
		{423C459F-956A-40B8-8423-162F221C999E}.Release|Any CPU.ActiveCfg = Release|Any CPU
		{423C459F-956A-40B8-8423-162F221C999E}.Release|Any CPU.Build.0 = Release|Any CPU
		{123D6B19-18F2-48E6-81A8-3CD33BE09D05}.Debug|Any CPU.ActiveCfg = Debug|Any CPU
		{123D6B19-18F2-48E6-81A8-3CD33BE09D05}.Debug|Any CPU.Build.0 = Debug|Any CPU
		{123D6B19-18F2-48E6-81A8-3CD33BE09D05}.Release|Any CPU.ActiveCfg = Release|Any CPU
		{123D6B19-18F2-48E6-81A8-3CD33BE09D05}.Release|Any CPU.Build.0 = Release|Any CPU
		{D417CE7A-661C-4BCB-A89E-739DA51CD12D}.Debug|Any CPU.ActiveCfg = Debug|Any CPU
		{D417CE7A-661C-4BCB-A89E-739DA51CD12D}.Debug|Any CPU.Build.0 = Debug|Any CPU
		{D417CE7A-661C-4BCB-A89E-739DA51CD12D}.Release|Any CPU.ActiveCfg = Release|Any CPU
		{D417CE7A-661C-4BCB-A89E-739DA51CD12D}.Release|Any CPU.Build.0 = Release|Any CPU
		{21EB48E5-C2E6-460D-9979-9BFE678FE27A}.Debug|Any CPU.ActiveCfg = Debug|Any CPU
		{21EB48E5-C2E6-460D-9979-9BFE678FE27A}.Debug|Any CPU.Build.0 = Debug|Any CPU
		{21EB48E5-C2E6-460D-9979-9BFE678FE27A}.Release|Any CPU.ActiveCfg = Release|Any CPU
		{21EB48E5-C2E6-460D-9979-9BFE678FE27A}.Release|Any CPU.Build.0 = Release|Any CPU
	EndGlobalSection
	GlobalSection(SolutionProperties) = preSolution
		HideSolutionNode = FALSE
	EndGlobalSection
	GlobalSection(ExtensibilityGlobals) = postSolution
		SolutionGuid = {79BDFB42-64AB-42CB-B5E2-DE66BB35D535}
	EndGlobalSection
EndGlobal
